
Microsoft Visual Studio Solution File, Format Version 12.00
# Visual Studio Version 16
VisualStudioVersion = 16.0.31321.278
MinimumVisualStudioVersion = 10.0.40219.1
Project("{FAE04EC0-301F-11D3-BF4B-00C04F79EFBC}") = "Practica2-EscrituraArchivos", "Practica2-EscrituraArchivos\Practica2-EscrituraArchivos.csproj", "{9680D5AB-4B03-4C8B-A554-2BD5BB3F3FB9}"
EndProject
Global
	GlobalSection(SolutionConfigurationPlatforms) = preSolution
		Debug|Any CPU = Debug|Any CPU
		Release|Any CPU = Release|Any CPU
	EndGlobalSection
	GlobalSection(ProjectConfigurationPlatforms) = postSolution
		{9680D5AB-4B03-4C8B-A554-2BD5BB3F3FB9}.Debug|Any CPU.ActiveCfg = Debug|Any CPU
		{9680D5AB-4B03-4C8B-A554-2BD5BB3F3FB9}.Debug|Any CPU.Build.0 = Debug|Any CPU
		{9680D5AB-4B03-4C8B-A554-2BD5BB3F3FB9}.Release|Any CPU.ActiveCfg = Release|Any CPU
		{9680D5AB-4B03-4C8B-A554-2BD5BB3F3FB9}.Release|Any CPU.Build.0 = Release|Any CPU
	EndGlobalSection
	GlobalSection(SolutionProperties) = preSolution
		HideSolutionNode = FALSE
	EndGlobalSection
	GlobalSection(ExtensibilityGlobals) = postSolution
		SolutionGuid = {88979FD4-2536-4FE2-81B2-F5A5228A4FAA}
	EndGlobalSection
EndGlobal
